
Microsoft Visual Studio Solution File, Format Version 12.00
# Visual Studio Version 16
VisualStudioVersion = 16.0.30114.105
MinimumVisualStudioVersion = 10.0.40219.1
Project("{2150E333-8FDC-42A3-9474-1A3956D46DE8}") = "src", "src", "{C4A8681C-D96F-4524-BFBD-8CBFA06684E5}"
EndProject
Project("{FAE04EC0-301F-11D3-BF4B-00C04F79EFBC}") = "AdventOfCode2022", "src\AdventOfCode2022\AdventOfCode2022.csproj", "{B8664628-BB91-4F48-B936-DD44F8DA9F4F}"
EndProject
Global
	GlobalSection(SolutionConfigurationPlatforms) = preSolution
		Debug|Any CPU = Debug|Any CPU
		Release|Any CPU = Release|Any CPU
	EndGlobalSection
	GlobalSection(SolutionProperties) = preSolution
		HideSolutionNode = FALSE
	EndGlobalSection
	GlobalSection(ProjectConfigurationPlatforms) = postSolution
		{B8664628-BB91-4F48-B936-DD44F8DA9F4F}.Debug|Any CPU.ActiveCfg = Debug|Any CPU
		{B8664628-BB91-4F48-B936-DD44F8DA9F4F}.Debug|Any CPU.Build.0 = Debug|Any CPU
		{B8664628-BB91-4F48-B936-DD44F8DA9F4F}.Release|Any CPU.ActiveCfg = Release|Any CPU
		{B8664628-BB91-4F48-B936-DD44F8DA9F4F}.Release|Any CPU.Build.0 = Release|Any CPU
	EndGlobalSection
	GlobalSection(NestedProjects) = preSolution
		{B8664628-BB91-4F48-B936-DD44F8DA9F4F} = {C4A8681C-D96F-4524-BFBD-8CBFA06684E5}
	EndGlobalSection
EndGlobal
